
Microsoft Visual Studio Solution File, Format Version 12.00
# Visual Studio Version 17
VisualStudioVersion = 17.6.33829.357
MinimumVisualStudioVersion = 10.0.40219.1
Project("{FAE04EC0-301F-11D3-BF4B-00C04F79EFBC}") = "tinhtong", "tinhtong\tinhtong.csproj", "{18D59A43-6E77-4DFA-9949-09F78FDF9782}"
EndProject
Global
	GlobalSection(SolutionConfigurationPlatforms) = preSolution
		Debug|Any CPU = Debug|Any CPU
		Release|Any CPU = Release|Any CPU
	EndGlobalSection
	GlobalSection(ProjectConfigurationPlatforms) = postSolution
		{18D59A43-6E77-4DFA-9949-09F78FDF9782}.Debug|Any CPU.ActiveCfg = Debug|Any CPU
		{18D59A43-6E77-4DFA-9949-09F78FDF9782}.Debug|Any CPU.Build.0 = Debug|Any CPU
		{18D59A43-6E77-4DFA-9949-09F78FDF9782}.Release|Any CPU.ActiveCfg = Release|Any CPU
		{18D59A43-6E77-4DFA-9949-09F78FDF9782}.Release|Any CPU.Build.0 = Release|Any CPU
	EndGlobalSection
	GlobalSection(SolutionProperties) = preSolution
		HideSolutionNode = FALSE
	EndGlobalSection
	GlobalSection(ExtensibilityGlobals) = postSolution
		SolutionGuid = {67DA6C38-6B2E-46E1-910C-8B266F0401A1}
	EndGlobalSection
EndGlobal
